
Microsoft Visual Studio Solution File, Format Version 12.00
# Visual Studio Version 17
VisualStudioVersion = 17.7.34031.279
MinimumVisualStudioVersion = 10.0.40219.1
Project("{9A19103F-16F7-4668-BE54-9A1E7A4F7556}") = "FireBrowserWinUi3", "FireBrowserBusiness\FireBrowserWinUi3.csproj", "{D35012DB-C8DF-434A-8925-248C338B3C83}"
EndProject
Project("{9A19103F-16F7-4668-BE54-9A1E7A4F7556}") = "FireBrowserWinUi3SecureConnect", "FireBrowserSecureConnect\FireBrowserWinUi3SecureConnect.csproj", "{70373E72-92AF-4D35-819B-20FAE89844CA}"
EndProject
Project("{9A19103F-16F7-4668-BE54-9A1E7A4F7556}") = "FireBrowserWinUi3Core", "FireBrowserBusinessCore\FireBrowserWinUi3Core.csproj", "{2BDD1B5A-68E8-4A2B-94D4-2D064E40EBFC}"
EndProject
Project("{9A19103F-16F7-4668-BE54-9A1E7A4F7556}") = "Assets", "Assets\Assets.csproj", "{FDD3198A-6044-4443-97BC-741BD449A4E4}"
EndProject
Project("{9A19103F-16F7-4668-BE54-9A1E7A4F7556}") = "FireBrowserMultiCore", "FireBrowserMultiCore\FireBrowserMultiCore.csproj", "{6CB7825A-CF1A-4B36-8F01-4A240269919F}"
EndProject
Project("{9A19103F-16F7-4668-BE54-9A1E7A4F7556}") = "UrlHelperWinUi3", "UrlHelperWinUi3\UrlHelperWinUi3.csproj", "{7C7CF654-BF2B-471E-B55E-9AFDF30CC166}"
EndProject
Project("{9A19103F-16F7-4668-BE54-9A1E7A4F7556}") = "FireBrowserAdBlockCore", "FireBrowserAdBlockCore\FireBrowserAdBlockCore.csproj", "{BCD4D242-6CFA-4CA1-AD2C-8B6E015AAC51}"
EndProject
Project("{9A19103F-16F7-4668-BE54-9A1E7A4F7556}") = "FireBrowserFavorites", "FireBrowserFavorites\FireBrowserFavorites.csproj", "{0E42AC05-588F-498A-B5B7-6093A53F0AFB}"
EndProject
Project("{9A19103F-16F7-4668-BE54-9A1E7A4F7556}") = "FireBrowserDatabase", "FireBrowserDatabase\FireBrowserDatabase.csproj", "{0E99C36C-59F8-4FBA-9FAA-A13507704F32}"
EndProject
Project("{9A19103F-16F7-4668-BE54-9A1E7A4F7556}") = "FireBrowserSetup", "FireBrowserSetup\FireBrowserSetup.csproj", "{2E429D1A-10EA-4FE3-9F24-98C0463E5417}"
EndProject
Project("{9A19103F-16F7-4668-BE54-9A1E7A4F7556}") = "SecureConnectOtp", "SecureConnectOtp\SecureConnectOtp.csproj", "{2D3C7A0F-8418-4E09-81A4-AE9E614A41D0}"
EndProject
Project("{9A19103F-16F7-4668-BE54-9A1E7A4F7556}") = "FireBrowserExceptions", "FireBrowserExceptions\FireBrowserExceptions.csproj", "{DC4E0767-238A-4AD1-B26E-04D4089CC07B}"
EndProject
Project("{9A19103F-16F7-4668-BE54-9A1E7A4F7556}") = "FireBrowserQr", "FireBrowserQr\FireBrowserQr.csproj", "{C10AD70C-D162-4F5F-A962-F88698BD9B27}"
EndProject
Project("{9A19103F-16F7-4668-BE54-9A1E7A4F7556}") = "DataCoreDb", "DataCoreDb\DataCoreDb.csproj", "{1A737E49-6959-46B0-899A-C952D982F37D}"
EndProject
Project("{9A19103F-16F7-4668-BE54-9A1E7A4F7556}") = "FireBrowserWinUiModules", "FireBrowserWinUiModules\FireBrowserWinUiModules.csproj", "{6FA182D0-72A6-415E-BF7D-6A792B7E7F86}"
EndProject
Project("{FAE04EC0-301F-11D3-BF4B-00C04F79EFBC}") = "fluent_module", "fluent_module\fluent_module.csproj", "{82ED9C4C-70CA-4C79-BAF6-E4F7D27CBD19}"
EndProject
Global
	GlobalSection(SolutionConfigurationPlatforms) = preSolution
		Debug|Any CPU = Debug|Any CPU
		Debug|ARM64 = Debug|ARM64
		Debug|x64 = Debug|x64
		Debug|x86 = Debug|x86
		Release|Any CPU = Release|Any CPU
		Release|ARM64 = Release|ARM64
		Release|x64 = Release|x64
		Release|x86 = Release|x86
	EndGlobalSection
	GlobalSection(ProjectConfigurationPlatforms) = postSolution
		{D35012DB-C8DF-434A-8925-248C338B3C83}.Debug|Any CPU.ActiveCfg = Debug|x64
		{D35012DB-C8DF-434A-8925-248C338B3C83}.Debug|Any CPU.Build.0 = Debug|x64
		{D35012DB-C8DF-434A-8925-248C338B3C83}.Debug|Any CPU.Deploy.0 = Debug|x64
		{D35012DB-C8DF-434A-8925-248C338B3C83}.Debug|ARM64.ActiveCfg = Debug|ARM64
		{D35012DB-C8DF-434A-8925-248C338B3C83}.Debug|ARM64.Build.0 = Debug|ARM64
		{D35012DB-C8DF-434A-8925-248C338B3C83}.Debug|ARM64.Deploy.0 = Debug|ARM64
		{D35012DB-C8DF-434A-8925-248C338B3C83}.Debug|x64.ActiveCfg = Debug|x64
		{D35012DB-C8DF-434A-8925-248C338B3C83}.Debug|x64.Build.0 = Debug|x64
		{D35012DB-C8DF-434A-8925-248C338B3C83}.Debug|x64.Deploy.0 = Debug|x64
		{D35012DB-C8DF-434A-8925-248C338B3C83}.Debug|x86.ActiveCfg = Debug|x86
		{D35012DB-C8DF-434A-8925-248C338B3C83}.Debug|x86.Build.0 = Debug|x86
		{D35012DB-C8DF-434A-8925-248C338B3C83}.Debug|x86.Deploy.0 = Debug|x86
		{D35012DB-C8DF-434A-8925-248C338B3C83}.Release|Any CPU.ActiveCfg = Release|x64
		{D35012DB-C8DF-434A-8925-248C338B3C83}.Release|Any CPU.Build.0 = Release|x64
		{D35012DB-C8DF-434A-8925-248C338B3C83}.Release|Any CPU.Deploy.0 = Release|x64
		{D35012DB-C8DF-434A-8925-248C338B3C83}.Release|ARM64.ActiveCfg = Release|ARM64
		{D35012DB-C8DF-434A-8925-248C338B3C83}.Release|ARM64.Build.0 = Release|ARM64
		{D35012DB-C8DF-434A-8925-248C338B3C83}.Release|ARM64.Deploy.0 = Release|ARM64
		{D35012DB-C8DF-434A-8925-248C338B3C83}.Release|x64.ActiveCfg = Release|x64
		{D35012DB-C8DF-434A-8925-248C338B3C83}.Release|x64.Build.0 = Release|x64
		{D35012DB-C8DF-434A-8925-248C338B3C83}.Release|x64.Deploy.0 = Release|x64
		{D35012DB-C8DF-434A-8925-248C338B3C83}.Release|x86.ActiveCfg = Release|x86
		{D35012DB-C8DF-434A-8925-248C338B3C83}.Release|x86.Build.0 = Release|x86
		{D35012DB-C8DF-434A-8925-248C338B3C83}.Release|x86.Deploy.0 = Release|x86
		{70373E72-92AF-4D35-819B-20FAE89844CA}.Debug|Any CPU.ActiveCfg = Debug|Any CPU
		{70373E72-92AF-4D35-819B-20FAE89844CA}.Debug|Any CPU.Build.0 = Debug|Any CPU
		{70373E72-92AF-4D35-819B-20FAE89844CA}.Debug|ARM64.ActiveCfg = Debug|Any CPU
		{70373E72-92AF-4D35-819B-20FAE89844CA}.Debug|ARM64.Build.0 = Debug|Any CPU
		{70373E72-92AF-4D35-819B-20FAE89844CA}.Debug|x64.ActiveCfg = Debug|x64
		{70373E72-92AF-4D35-819B-20FAE89844CA}.Debug|x64.Build.0 = Debug|x64
		{70373E72-92AF-4D35-819B-20FAE89844CA}.Debug|x86.ActiveCfg = Debug|Any CPU
		{70373E72-92AF-4D35-819B-20FAE89844CA}.Debug|x86.Build.0 = Debug|Any CPU
		{70373E72-92AF-4D35-819B-20FAE89844CA}.Release|Any CPU.ActiveCfg = Release|Any CPU
		{70373E72-92AF-4D35-819B-20FAE89844CA}.Release|Any CPU.Build.0 = Release|Any CPU
		{70373E72-92AF-4D35-819B-20FAE89844CA}.Release|ARM64.ActiveCfg = Release|Any CPU
		{70373E72-92AF-4D35-819B-20FAE89844CA}.Release|ARM64.Build.0 = Release|Any CPU
		{70373E72-92AF-4D35-819B-20FAE89844CA}.Release|x64.ActiveCfg = Release|x64
		{70373E72-92AF-4D35-819B-20FAE89844CA}.Release|x64.Build.0 = Release|x64
		{70373E72-92AF-4D35-819B-20FAE89844CA}.Release|x86.ActiveCfg = Release|Any CPU
		{70373E72-92AF-4D35-819B-20FAE89844CA}.Release|x86.Build.0 = Release|Any CPU
		{2BDD1B5A-68E8-4A2B-94D4-2D064E40EBFC}.Debug|Any CPU.ActiveCfg = Debug|Any CPU
		{2BDD1B5A-68E8-4A2B-94D4-2D064E40EBFC}.Debug|Any CPU.Build.0 = Debug|Any CPU
		{2BDD1B5A-68E8-4A2B-94D4-2D064E40EBFC}.Debug|ARM64.ActiveCfg = Debug|Any CPU
		{2BDD1B5A-68E8-4A2B-94D4-2D064E40EBFC}.Debug|ARM64.Build.0 = Debug|Any CPU
		{2BDD1B5A-68E8-4A2B-94D4-2D064E40EBFC}.Debug|x64.ActiveCfg = Debug|x64
		{2BDD1B5A-68E8-4A2B-94D4-2D064E40EBFC}.Debug|x64.Build.0 = Debug|x64
		{2BDD1B5A-68E8-4A2B-94D4-2D064E40EBFC}.Debug|x86.ActiveCfg = Debug|Any CPU
		{2BDD1B5A-68E8-4A2B-94D4-2D064E40EBFC}.Debug|x86.Build.0 = Debug|Any CPU
		{2BDD1B5A-68E8-4A2B-94D4-2D064E40EBFC}.Release|Any CPU.ActiveCfg = Release|Any CPU
		{2BDD1B5A-68E8-4A2B-94D4-2D064E40EBFC}.Release|Any CPU.Build.0 = Release|Any CPU
		{2BDD1B5A-68E8-4A2B-94D4-2D064E40EBFC}.Release|ARM64.ActiveCfg = Release|Any CPU
		{2BDD1B5A-68E8-4A2B-94D4-2D064E40EBFC}.Release|ARM64.Build.0 = Release|Any CPU
		{2BDD1B5A-68E8-4A2B-94D4-2D064E40EBFC}.Release|x64.ActiveCfg = Release|x64
		{2BDD1B5A-68E8-4A2B-94D4-2D064E40EBFC}.Release|x64.Build.0 = Release|x64
		{2BDD1B5A-68E8-4A2B-94D4-2D064E40EBFC}.Release|x86.ActiveCfg = Release|Any CPU
		{2BDD1B5A-68E8-4A2B-94D4-2D064E40EBFC}.Release|x86.Build.0 = Release|Any CPU
		{FDD3198A-6044-4443-97BC-741BD449A4E4}.Debug|Any CPU.ActiveCfg = Debug|Any CPU
		{FDD3198A-6044-4443-97BC-741BD449A4E4}.Debug|Any CPU.Build.0 = Debug|Any CPU
		{FDD3198A-6044-4443-97BC-741BD449A4E4}.Debug|ARM64.ActiveCfg = Debug|Any CPU
		{FDD3198A-6044-4443-97BC-741BD449A4E4}.Debug|ARM64.Build.0 = Debug|Any CPU
		{FDD3198A-6044-4443-97BC-741BD449A4E4}.Debug|x64.ActiveCfg = Debug|x64
		{FDD3198A-6044-4443-97BC-741BD449A4E4}.Debug|x64.Build.0 = Debug|x64
		{FDD3198A-6044-4443-97BC-741BD449A4E4}.Debug|x86.ActiveCfg = Debug|Any CPU
		{FDD3198A-6044-4443-97BC-741BD449A4E4}.Debug|x86.Build.0 = Debug|Any CPU
		{FDD3198A-6044-4443-97BC-741BD449A4E4}.Release|Any CPU.ActiveCfg = Release|Any CPU
		{FDD3198A-6044-4443-97BC-741BD449A4E4}.Release|Any CPU.Build.0 = Release|Any CPU
		{FDD3198A-6044-4443-97BC-741BD449A4E4}.Release|ARM64.ActiveCfg = Release|Any CPU
		{FDD3198A-6044-4443-97BC-741BD449A4E4}.Release|ARM64.Build.0 = Release|Any CPU
		{FDD3198A-6044-4443-97BC-741BD449A4E4}.Release|x64.ActiveCfg = Release|x64
		{FDD3198A-6044-4443-97BC-741BD449A4E4}.Release|x64.Build.0 = Release|x64
		{FDD3198A-6044-4443-97BC-741BD449A4E4}.Release|x86.ActiveCfg = Release|Any CPU
		{FDD3198A-6044-4443-97BC-741BD449A4E4}.Release|x86.Build.0 = Release|Any CPU
		{6CB7825A-CF1A-4B36-8F01-4A240269919F}.Debug|Any CPU.ActiveCfg = Debug|Any CPU
		{6CB7825A-CF1A-4B36-8F01-4A240269919F}.Debug|Any CPU.Build.0 = Debug|Any CPU
		{6CB7825A-CF1A-4B36-8F01-4A240269919F}.Debug|ARM64.ActiveCfg = Debug|Any CPU
		{6CB7825A-CF1A-4B36-8F01-4A240269919F}.Debug|ARM64.Build.0 = Debug|Any CPU
		{6CB7825A-CF1A-4B36-8F01-4A240269919F}.Debug|x64.ActiveCfg = Debug|x64
		{6CB7825A-CF1A-4B36-8F01-4A240269919F}.Debug|x64.Build.0 = Debug|x64
		{6CB7825A-CF1A-4B36-8F01-4A240269919F}.Debug|x86.ActiveCfg = Debug|Any CPU
		{6CB7825A-CF1A-4B36-8F01-4A240269919F}.Debug|x86.Build.0 = Debug|Any CPU
		{6CB7825A-CF1A-4B36-8F01-4A240269919F}.Release|Any CPU.ActiveCfg = Release|Any CPU
		{6CB7825A-CF1A-4B36-8F01-4A240269919F}.Release|Any CPU.Build.0 = Release|Any CPU
		{6CB7825A-CF1A-4B36-8F01-4A240269919F}.Release|ARM64.ActiveCfg = Release|Any CPU
		{6CB7825A-CF1A-4B36-8F01-4A240269919F}.Release|ARM64.Build.0 = Release|Any CPU
		{6CB7825A-CF1A-4B36-8F01-4A240269919F}.Release|x64.ActiveCfg = Release|x64
		{6CB7825A-CF1A-4B36-8F01-4A240269919F}.Release|x64.Build.0 = Release|x64
		{6CB7825A-CF1A-4B36-8F01-4A240269919F}.Release|x86.ActiveCfg = Release|Any CPU
		{6CB7825A-CF1A-4B36-8F01-4A240269919F}.Release|x86.Build.0 = Release|Any CPU
		{7C7CF654-BF2B-471E-B55E-9AFDF30CC166}.Debug|Any CPU.ActiveCfg = Debug|Any CPU
		{7C7CF654-BF2B-471E-B55E-9AFDF30CC166}.Debug|Any CPU.Build.0 = Debug|Any CPU
		{7C7CF654-BF2B-471E-B55E-9AFDF30CC166}.Debug|ARM64.ActiveCfg = Debug|Any CPU
		{7C7CF654-BF2B-471E-B55E-9AFDF30CC166}.Debug|ARM64.Build.0 = Debug|Any CPU
		{7C7CF654-BF2B-471E-B55E-9AFDF30CC166}.Debug|x64.ActiveCfg = Debug|x64
		{7C7CF654-BF2B-471E-B55E-9AFDF30CC166}.Debug|x64.Build.0 = Debug|x64
		{7C7CF654-BF2B-471E-B55E-9AFDF30CC166}.Debug|x86.ActiveCfg = Debug|Any CPU
		{7C7CF654-BF2B-471E-B55E-9AFDF30CC166}.Debug|x86.Build.0 = Debug|Any CPU
		{7C7CF654-BF2B-471E-B55E-9AFDF30CC166}.Release|Any CPU.ActiveCfg = Release|Any CPU
		{7C7CF654-BF2B-471E-B55E-9AFDF30CC166}.Release|Any CPU.Build.0 = Release|Any CPU
		{7C7CF654-BF2B-471E-B55E-9AFDF30CC166}.Release|ARM64.ActiveCfg = Release|Any CPU
		{7C7CF654-BF2B-471E-B55E-9AFDF30CC166}.Release|ARM64.Build.0 = Release|Any CPU
		{7C7CF654-BF2B-471E-B55E-9AFDF30CC166}.Release|x64.ActiveCfg = Release|x64
		{7C7CF654-BF2B-471E-B55E-9AFDF30CC166}.Release|x64.Build.0 = Release|x64
		{7C7CF654-BF2B-471E-B55E-9AFDF30CC166}.Release|x86.ActiveCfg = Release|Any CPU
		{7C7CF654-BF2B-471E-B55E-9AFDF30CC166}.Release|x86.Build.0 = Release|Any CPU
		{BCD4D242-6CFA-4CA1-AD2C-8B6E015AAC51}.Debug|Any CPU.ActiveCfg = Debug|Any CPU
		{BCD4D242-6CFA-4CA1-AD2C-8B6E015AAC51}.Debug|Any CPU.Build.0 = Debug|Any CPU
		{BCD4D242-6CFA-4CA1-AD2C-8B6E015AAC51}.Debug|ARM64.ActiveCfg = Debug|Any CPU
		{BCD4D242-6CFA-4CA1-AD2C-8B6E015AAC51}.Debug|ARM64.Build.0 = Debug|Any CPU
		{BCD4D242-6CFA-4CA1-AD2C-8B6E015AAC51}.Debug|x64.ActiveCfg = Debug|x64
		{BCD4D242-6CFA-4CA1-AD2C-8B6E015AAC51}.Debug|x64.Build.0 = Debug|x64
		{BCD4D242-6CFA-4CA1-AD2C-8B6E015AAC51}.Debug|x86.ActiveCfg = Debug|Any CPU
		{BCD4D242-6CFA-4CA1-AD2C-8B6E015AAC51}.Debug|x86.Build.0 = Debug|Any CPU
		{BCD4D242-6CFA-4CA1-AD2C-8B6E015AAC51}.Release|Any CPU.ActiveCfg = Release|Any CPU
		{BCD4D242-6CFA-4CA1-AD2C-8B6E015AAC51}.Release|Any CPU.Build.0 = Release|Any CPU
		{BCD4D242-6CFA-4CA1-AD2C-8B6E015AAC51}.Release|ARM64.ActiveCfg = Release|Any CPU
		{BCD4D242-6CFA-4CA1-AD2C-8B6E015AAC51}.Release|ARM64.Build.0 = Release|Any CPU
		{BCD4D242-6CFA-4CA1-AD2C-8B6E015AAC51}.Release|x64.ActiveCfg = Release|x64
		{BCD4D242-6CFA-4CA1-AD2C-8B6E015AAC51}.Release|x64.Build.0 = Release|x64
		{BCD4D242-6CFA-4CA1-AD2C-8B6E015AAC51}.Release|x86.ActiveCfg = Release|Any CPU
		{BCD4D242-6CFA-4CA1-AD2C-8B6E015AAC51}.Release|x86.Build.0 = Release|Any CPU
		{0E42AC05-588F-498A-B5B7-6093A53F0AFB}.Debug|Any CPU.ActiveCfg = Debug|Any CPU
		{0E42AC05-588F-498A-B5B7-6093A53F0AFB}.Debug|Any CPU.Build.0 = Debug|Any CPU
		{0E42AC05-588F-498A-B5B7-6093A53F0AFB}.Debug|ARM64.ActiveCfg = Debug|Any CPU
		{0E42AC05-588F-498A-B5B7-6093A53F0AFB}.Debug|ARM64.Build.0 = Debug|Any CPU
		{0E42AC05-588F-498A-B5B7-6093A53F0AFB}.Debug|x64.ActiveCfg = Debug|x64
		{0E42AC05-588F-498A-B5B7-6093A53F0AFB}.Debug|x64.Build.0 = Debug|x64
		{0E42AC05-588F-498A-B5B7-6093A53F0AFB}.Debug|x86.ActiveCfg = Debug|Any CPU
		{0E42AC05-588F-498A-B5B7-6093A53F0AFB}.Debug|x86.Build.0 = Debug|Any CPU
		{0E42AC05-588F-498A-B5B7-6093A53F0AFB}.Release|Any CPU.ActiveCfg = Release|Any CPU
		{0E42AC05-588F-498A-B5B7-6093A53F0AFB}.Release|Any CPU.Build.0 = Release|Any CPU
		{0E42AC05-588F-498A-B5B7-6093A53F0AFB}.Release|ARM64.ActiveCfg = Release|Any CPU
		{0E42AC05-588F-498A-B5B7-6093A53F0AFB}.Release|ARM64.Build.0 = Release|Any CPU
		{0E42AC05-588F-498A-B5B7-6093A53F0AFB}.Release|x64.ActiveCfg = Release|x64
		{0E42AC05-588F-498A-B5B7-6093A53F0AFB}.Release|x64.Build.0 = Release|x64
		{0E42AC05-588F-498A-B5B7-6093A53F0AFB}.Release|x86.ActiveCfg = Release|Any CPU
		{0E42AC05-588F-498A-B5B7-6093A53F0AFB}.Release|x86.Build.0 = Release|Any CPU
		{0E99C36C-59F8-4FBA-9FAA-A13507704F32}.Debug|Any CPU.ActiveCfg = Debug|Any CPU
		{0E99C36C-59F8-4FBA-9FAA-A13507704F32}.Debug|Any CPU.Build.0 = Debug|Any CPU
		{0E99C36C-59F8-4FBA-9FAA-A13507704F32}.Debug|ARM64.ActiveCfg = Debug|Any CPU
		{0E99C36C-59F8-4FBA-9FAA-A13507704F32}.Debug|ARM64.Build.0 = Debug|Any CPU
		{0E99C36C-59F8-4FBA-9FAA-A13507704F32}.Debug|x64.ActiveCfg = Debug|x64
		{0E99C36C-59F8-4FBA-9FAA-A13507704F32}.Debug|x64.Build.0 = Debug|x64
		{0E99C36C-59F8-4FBA-9FAA-A13507704F32}.Debug|x86.ActiveCfg = Debug|Any CPU
		{0E99C36C-59F8-4FBA-9FAA-A13507704F32}.Debug|x86.Build.0 = Debug|Any CPU
		{0E99C36C-59F8-4FBA-9FAA-A13507704F32}.Release|Any CPU.ActiveCfg = Release|Any CPU
		{0E99C36C-59F8-4FBA-9FAA-A13507704F32}.Release|Any CPU.Build.0 = Release|Any CPU
		{0E99C36C-59F8-4FBA-9FAA-A13507704F32}.Release|ARM64.ActiveCfg = Release|Any CPU
		{0E99C36C-59F8-4FBA-9FAA-A13507704F32}.Release|ARM64.Build.0 = Release|Any CPU
		{0E99C36C-59F8-4FBA-9FAA-A13507704F32}.Release|x64.ActiveCfg = Release|x64
		{0E99C36C-59F8-4FBA-9FAA-A13507704F32}.Release|x64.Build.0 = Release|x64
		{0E99C36C-59F8-4FBA-9FAA-A13507704F32}.Release|x86.ActiveCfg = Release|Any CPU
		{0E99C36C-59F8-4FBA-9FAA-A13507704F32}.Release|x86.Build.0 = Release|Any CPU
		{2E429D1A-10EA-4FE3-9F24-98C0463E5417}.Debug|Any CPU.ActiveCfg = Debug|Any CPU
		{2E429D1A-10EA-4FE3-9F24-98C0463E5417}.Debug|Any CPU.Build.0 = Debug|Any CPU
		{2E429D1A-10EA-4FE3-9F24-98C0463E5417}.Debug|ARM64.ActiveCfg = Debug|Any CPU
		{2E429D1A-10EA-4FE3-9F24-98C0463E5417}.Debug|ARM64.Build.0 = Debug|Any CPU
		{2E429D1A-10EA-4FE3-9F24-98C0463E5417}.Debug|x64.ActiveCfg = Debug|x64
		{2E429D1A-10EA-4FE3-9F24-98C0463E5417}.Debug|x64.Build.0 = Debug|x64
		{2E429D1A-10EA-4FE3-9F24-98C0463E5417}.Debug|x86.ActiveCfg = Debug|Any CPU
		{2E429D1A-10EA-4FE3-9F24-98C0463E5417}.Debug|x86.Build.0 = Debug|Any CPU
		{2E429D1A-10EA-4FE3-9F24-98C0463E5417}.Release|Any CPU.ActiveCfg = Release|Any CPU
		{2E429D1A-10EA-4FE3-9F24-98C0463E5417}.Release|Any CPU.Build.0 = Release|Any CPU
		{2E429D1A-10EA-4FE3-9F24-98C0463E5417}.Release|ARM64.ActiveCfg = Release|Any CPU
		{2E429D1A-10EA-4FE3-9F24-98C0463E5417}.Release|ARM64.Build.0 = Release|Any CPU
		{2E429D1A-10EA-4FE3-9F24-98C0463E5417}.Release|x64.ActiveCfg = Release|x64
		{2E429D1A-10EA-4FE3-9F24-98C0463E5417}.Release|x64.Build.0 = Release|x64
		{2E429D1A-10EA-4FE3-9F24-98C0463E5417}.Release|x86.ActiveCfg = Release|Any CPU
		{2E429D1A-10EA-4FE3-9F24-98C0463E5417}.Release|x86.Build.0 = Release|Any CPU
		{2D3C7A0F-8418-4E09-81A4-AE9E614A41D0}.Debug|Any CPU.ActiveCfg = Debug|Any CPU
		{2D3C7A0F-8418-4E09-81A4-AE9E614A41D0}.Debug|Any CPU.Build.0 = Debug|Any CPU
		{2D3C7A0F-8418-4E09-81A4-AE9E614A41D0}.Debug|ARM64.ActiveCfg = Debug|Any CPU
		{2D3C7A0F-8418-4E09-81A4-AE9E614A41D0}.Debug|ARM64.Build.0 = Debug|Any CPU
		{2D3C7A0F-8418-4E09-81A4-AE9E614A41D0}.Debug|x64.ActiveCfg = Debug|x64
		{2D3C7A0F-8418-4E09-81A4-AE9E614A41D0}.Debug|x64.Build.0 = Debug|x64
		{2D3C7A0F-8418-4E09-81A4-AE9E614A41D0}.Debug|x86.ActiveCfg = Debug|Any CPU
		{2D3C7A0F-8418-4E09-81A4-AE9E614A41D0}.Debug|x86.Build.0 = Debug|Any CPU
		{2D3C7A0F-8418-4E09-81A4-AE9E614A41D0}.Release|Any CPU.ActiveCfg = Release|Any CPU
		{2D3C7A0F-8418-4E09-81A4-AE9E614A41D0}.Release|Any CPU.Build.0 = Release|Any CPU
		{2D3C7A0F-8418-4E09-81A4-AE9E614A41D0}.Release|ARM64.ActiveCfg = Release|Any CPU
		{2D3C7A0F-8418-4E09-81A4-AE9E614A41D0}.Release|ARM64.Build.0 = Release|Any CPU
		{2D3C7A0F-8418-4E09-81A4-AE9E614A41D0}.Release|x64.ActiveCfg = Release|x64
		{2D3C7A0F-8418-4E09-81A4-AE9E614A41D0}.Release|x64.Build.0 = Release|x64
		{2D3C7A0F-8418-4E09-81A4-AE9E614A41D0}.Release|x86.ActiveCfg = Release|Any CPU
		{2D3C7A0F-8418-4E09-81A4-AE9E614A41D0}.Release|x86.Build.0 = Release|Any CPU
		{DC4E0767-238A-4AD1-B26E-04D4089CC07B}.Debug|Any CPU.ActiveCfg = Debug|Any CPU
		{DC4E0767-238A-4AD1-B26E-04D4089CC07B}.Debug|Any CPU.Build.0 = Debug|Any CPU
		{DC4E0767-238A-4AD1-B26E-04D4089CC07B}.Debug|ARM64.ActiveCfg = Debug|Any CPU
		{DC4E0767-238A-4AD1-B26E-04D4089CC07B}.Debug|ARM64.Build.0 = Debug|Any CPU
		{DC4E0767-238A-4AD1-B26E-04D4089CC07B}.Debug|x64.ActiveCfg = Debug|x64
		{DC4E0767-238A-4AD1-B26E-04D4089CC07B}.Debug|x64.Build.0 = Debug|x64
		{DC4E0767-238A-4AD1-B26E-04D4089CC07B}.Debug|x86.ActiveCfg = Debug|Any CPU
		{DC4E0767-238A-4AD1-B26E-04D4089CC07B}.Debug|x86.Build.0 = Debug|Any CPU
		{DC4E0767-238A-4AD1-B26E-04D4089CC07B}.Release|Any CPU.ActiveCfg = Release|Any CPU
		{DC4E0767-238A-4AD1-B26E-04D4089CC07B}.Release|Any CPU.Build.0 = Release|Any CPU
		{DC4E0767-238A-4AD1-B26E-04D4089CC07B}.Release|ARM64.ActiveCfg = Release|Any CPU
		{DC4E0767-238A-4AD1-B26E-04D4089CC07B}.Release|ARM64.Build.0 = Release|Any CPU
		{DC4E0767-238A-4AD1-B26E-04D4089CC07B}.Release|x64.ActiveCfg = Release|x64
		{DC4E0767-238A-4AD1-B26E-04D4089CC07B}.Release|x64.Build.0 = Release|x64
		{DC4E0767-238A-4AD1-B26E-04D4089CC07B}.Release|x86.ActiveCfg = Release|Any CPU
		{DC4E0767-238A-4AD1-B26E-04D4089CC07B}.Release|x86.Build.0 = Release|Any CPU
		{C10AD70C-D162-4F5F-A962-F88698BD9B27}.Debug|Any CPU.ActiveCfg = Debug|Any CPU
		{C10AD70C-D162-4F5F-A962-F88698BD9B27}.Debug|Any CPU.Build.0 = Debug|Any CPU
		{C10AD70C-D162-4F5F-A962-F88698BD9B27}.Debug|ARM64.ActiveCfg = Debug|Any CPU
		{C10AD70C-D162-4F5F-A962-F88698BD9B27}.Debug|ARM64.Build.0 = Debug|Any CPU
		{C10AD70C-D162-4F5F-A962-F88698BD9B27}.Debug|x64.ActiveCfg = Debug|x64
		{C10AD70C-D162-4F5F-A962-F88698BD9B27}.Debug|x64.Build.0 = Debug|x64
		{C10AD70C-D162-4F5F-A962-F88698BD9B27}.Debug|x86.ActiveCfg = Debug|Any CPU
		{C10AD70C-D162-4F5F-A962-F88698BD9B27}.Debug|x86.Build.0 = Debug|Any CPU
		{C10AD70C-D162-4F5F-A962-F88698BD9B27}.Release|Any CPU.ActiveCfg = Release|Any CPU
		{C10AD70C-D162-4F5F-A962-F88698BD9B27}.Release|Any CPU.Build.0 = Release|Any CPU
		{C10AD70C-D162-4F5F-A962-F88698BD9B27}.Release|ARM64.ActiveCfg = Release|Any CPU
		{C10AD70C-D162-4F5F-A962-F88698BD9B27}.Release|ARM64.Build.0 = Release|Any CPU
		{C10AD70C-D162-4F5F-A962-F88698BD9B27}.Release|x64.ActiveCfg = Release|x64
		{C10AD70C-D162-4F5F-A962-F88698BD9B27}.Release|x64.Build.0 = Release|x64
		{C10AD70C-D162-4F5F-A962-F88698BD9B27}.Release|x86.ActiveCfg = Release|Any CPU
		{C10AD70C-D162-4F5F-A962-F88698BD9B27}.Release|x86.Build.0 = Release|Any CPU
		{1A737E49-6959-46B0-899A-C952D982F37D}.Debug|Any CPU.ActiveCfg = Debug|Any CPU
		{1A737E49-6959-46B0-899A-C952D982F37D}.Debug|Any CPU.Build.0 = Debug|Any CPU
		{1A737E49-6959-46B0-899A-C952D982F37D}.Debug|ARM64.ActiveCfg = Debug|Any CPU
		{1A737E49-6959-46B0-899A-C952D982F37D}.Debug|ARM64.Build.0 = Debug|Any CPU
		{1A737E49-6959-46B0-899A-C952D982F37D}.Debug|x64.ActiveCfg = Debug|x64
		{1A737E49-6959-46B0-899A-C952D982F37D}.Debug|x64.Build.0 = Debug|x64
		{1A737E49-6959-46B0-899A-C952D982F37D}.Debug|x86.ActiveCfg = Debug|Any CPU
		{1A737E49-6959-46B0-899A-C952D982F37D}.Debug|x86.Build.0 = Debug|Any CPU
		{1A737E49-6959-46B0-899A-C952D982F37D}.Release|Any CPU.ActiveCfg = Release|Any CPU
		{1A737E49-6959-46B0-899A-C952D982F37D}.Release|Any CPU.Build.0 = Release|Any CPU
		{1A737E49-6959-46B0-899A-C952D982F37D}.Release|ARM64.ActiveCfg = Release|Any CPU
		{1A737E49-6959-46B0-899A-C952D982F37D}.Release|ARM64.Build.0 = Release|Any CPU
		{1A737E49-6959-46B0-899A-C952D982F37D}.Release|x64.ActiveCfg = Release|x64
		{1A737E49-6959-46B0-899A-C952D982F37D}.Release|x64.Build.0 = Release|x64
		{1A737E49-6959-46B0-899A-C952D982F37D}.Release|x86.ActiveCfg = Release|Any CPU
		{1A737E49-6959-46B0-899A-C952D982F37D}.Release|x86.Build.0 = Release|Any CPU
		{6FA182D0-72A6-415E-BF7D-6A792B7E7F86}.Debug|Any CPU.ActiveCfg = Debug|Any CPU
		{6FA182D0-72A6-415E-BF7D-6A792B7E7F86}.Debug|Any CPU.Build.0 = Debug|Any CPU
		{6FA182D0-72A6-415E-BF7D-6A792B7E7F86}.Debug|ARM64.ActiveCfg = Debug|Any CPU
		{6FA182D0-72A6-415E-BF7D-6A792B7E7F86}.Debug|ARM64.Build.0 = Debug|Any CPU
		{6FA182D0-72A6-415E-BF7D-6A792B7E7F86}.Debug|x64.ActiveCfg = Debug|x64
		{6FA182D0-72A6-415E-BF7D-6A792B7E7F86}.Debug|x64.Build.0 = Debug|x64
		{6FA182D0-72A6-415E-BF7D-6A792B7E7F86}.Debug|x86.ActiveCfg = Debug|Any CPU
		{6FA182D0-72A6-415E-BF7D-6A792B7E7F86}.Debug|x86.Build.0 = Debug|Any CPU
		{6FA182D0-72A6-415E-BF7D-6A792B7E7F86}.Release|Any CPU.ActiveCfg = Release|Any CPU
		{6FA182D0-72A6-415E-BF7D-6A792B7E7F86}.Release|Any CPU.Build.0 = Release|Any CPU
		{6FA182D0-72A6-415E-BF7D-6A792B7E7F86}.Release|ARM64.ActiveCfg = Release|Any CPU
		{6FA182D0-72A6-415E-BF7D-6A792B7E7F86}.Release|ARM64.Build.0 = Release|Any CPU
		{6FA182D0-72A6-415E-BF7D-6A792B7E7F86}.Release|x64.ActiveCfg = Release|x64
		{6FA182D0-72A6-415E-BF7D-6A792B7E7F86}.Release|x64.Build.0 = Release|x64
		{6FA182D0-72A6-415E-BF7D-6A792B7E7F86}.Release|x86.ActiveCfg = Release|Any CPU
		{6FA182D0-72A6-415E-BF7D-6A792B7E7F86}.Release|x86.Build.0 = Release|Any CPU
		{82ED9C4C-70CA-4C79-BAF6-E4F7D27CBD19}.Debug|Any CPU.ActiveCfg = Debug|Any CPU
		{82ED9C4C-70CA-4C79-BAF6-E4F7D27CBD19}.Debug|Any CPU.Build.0 = Debug|Any CPU
		{82ED9C4C-70CA-4C79-BAF6-E4F7D27CBD19}.Debug|ARM64.ActiveCfg = Debug|Any CPU
		{82ED9C4C-70CA-4C79-BAF6-E4F7D27CBD19}.Debug|ARM64.Build.0 = Debug|Any CPU
		{82ED9C4C-70CA-4C79-BAF6-E4F7D27CBD19}.Debug|x64.ActiveCfg = Debug|Any CPU
		{82ED9C4C-70CA-4C79-BAF6-E4F7D27CBD19}.Debug|x64.Build.0 = Debug|Any CPU
		{82ED9C4C-70CA-4C79-BAF6-E4F7D27CBD19}.Debug|x86.ActiveCfg = Debug|Any CPU
		{82ED9C4C-70CA-4C79-BAF6-E4F7D27CBD19}.Debug|x86.Build.0 = Debug|Any CPU
		{82ED9C4C-70CA-4C79-BAF6-E4F7D27CBD19}.Release|Any CPU.ActiveCfg = Release|Any CPU
		{82ED9C4C-70CA-4C79-BAF6-E4F7D27CBD19}.Release|Any CPU.Build.0 = Release|Any CPU
		{82ED9C4C-70CA-4C79-BAF6-E4F7D27CBD19}.Release|ARM64.ActiveCfg = Release|Any CPU
		{82ED9C4C-70CA-4C79-BAF6-E4F7D27CBD19}.Release|ARM64.Build.0 = Release|Any CPU
		{82ED9C4C-70CA-4C79-BAF6-E4F7D27CBD19}.Release|x64.ActiveCfg = Release|Any CPU
		{82ED9C4C-70CA-4C79-BAF6-E4F7D27CBD19}.Release|x64.Build.0 = Release|Any CPU
		{82ED9C4C-70CA-4C79-BAF6-E4F7D27CBD19}.Release|x86.ActiveCfg = Release|Any CPU
		{82ED9C4C-70CA-4C79-BAF6-E4F7D27CBD19}.Release|x86.Build.0 = Release|Any CPU
	EndGlobalSection
	GlobalSection(SolutionProperties) = preSolution
		HideSolutionNode = FALSE
	EndGlobalSection
	GlobalSection(ExtensibilityGlobals) = postSolution
		SolutionGuid = {A80AD1BD-6AC3-4490-8BB0-A4765483A267}
	EndGlobalSection
EndGlobal
