
Microsoft Visual Studio Solution File, Format Version 12.00
# Visual Studio Version 17
VisualStudioVersion = 17.7.34031.279
MinimumVisualStudioVersion = 10.0.40219.1
Project("{9A19103F-16F7-4668-BE54-9A1E7A4F7556}") = "FireBrowserWinUi3", "FireBrowserBusiness\FireBrowserWinUi3.csproj", "{D35012DB-C8DF-434A-8925-248C338B3C83}"
EndProject
Project("{9A19103F-16F7-4668-BE54-9A1E7A4F7556}") = "FireBrowserWinUi3SecureConnect", "FireBrowserSecureConnect\FireBrowserWinUi3SecureConnect.csproj", "{70373E72-92AF-4D35-819B-20FAE89844CA}"
EndProject
Project("{9A19103F-16F7-4668-BE54-9A1E7A4F7556}") = "FireBrowserWinUi3Core", "FireBrowserBusinessCore\FireBrowserWinUi3Core.csproj", "{2BDD1B5A-68E8-4A2B-94D4-2D064E40EBFC}"
EndProject
Project("{9A19103F-16F7-4668-BE54-9A1E7A4F7556}") = "Assets", "Assets\Assets.csproj", "{FDD3198A-6044-4443-97BC-741BD449A4E4}"
EndProject
Project("{9A19103F-16F7-4668-BE54-9A1E7A4F7556}") = "FireBrowserMultiCore", "FireBrowserMultiCore\FireBrowserMultiCore.csproj", "{6CB7825A-CF1A-4B36-8F01-4A240269919F}"
EndProject
Project("{9A19103F-16F7-4668-BE54-9A1E7A4F7556}") = "UrlHelperWinUi3", "UrlHelperWinUi3\UrlHelperWinUi3.csproj", "{7C7CF654-BF2B-471E-B55E-9AFDF30CC166}"
EndProject
Global
	GlobalSection(SolutionConfigurationPlatforms) = preSolution
		Debug|Any CPU = Debug|Any CPU
		Debug|ARM64 = Debug|ARM64
		Debug|x64 = Debug|x64
		Debug|x86 = Debug|x86
		Release|Any CPU = Release|Any CPU
		Release|ARM64 = Release|ARM64
		Release|x64 = Release|x64
		Release|x86 = Release|x86
	EndGlobalSection
	GlobalSection(ProjectConfigurationPlatforms) = postSolution
		{D35012DB-C8DF-434A-8925-248C338B3C83}.Debug|Any CPU.ActiveCfg = Debug|x64
		{D35012DB-C8DF-434A-8925-248C338B3C83}.Debug|Any CPU.Build.0 = Debug|x64
		{D35012DB-C8DF-434A-8925-248C338B3C83}.Debug|Any CPU.Deploy.0 = Debug|x64
		{D35012DB-C8DF-434A-8925-248C338B3C83}.Debug|ARM64.ActiveCfg = Debug|ARM64
		{D35012DB-C8DF-434A-8925-248C338B3C83}.Debug|ARM64.Build.0 = Debug|ARM64
		{D35012DB-C8DF-434A-8925-248C338B3C83}.Debug|ARM64.Deploy.0 = Debug|ARM64
		{D35012DB-C8DF-434A-8925-248C338B3C83}.Debug|x64.ActiveCfg = Debug|x64
		{D35012DB-C8DF-434A-8925-248C338B3C83}.Debug|x64.Build.0 = Debug|x64
		{D35012DB-C8DF-434A-8925-248C338B3C83}.Debug|x64.Deploy.0 = Debug|x64
		{D35012DB-C8DF-434A-8925-248C338B3C83}.Debug|x86.ActiveCfg = Debug|x86
		{D35012DB-C8DF-434A-8925-248C338B3C83}.Debug|x86.Build.0 = Debug|x86
		{D35012DB-C8DF-434A-8925-248C338B3C83}.Debug|x86.Deploy.0 = Debug|x86
		{D35012DB-C8DF-434A-8925-248C338B3C83}.Release|Any CPU.ActiveCfg = Release|x64
		{D35012DB-C8DF-434A-8925-248C338B3C83}.Release|Any CPU.Build.0 = Release|x64
		{D35012DB-C8DF-434A-8925-248C338B3C83}.Release|Any CPU.Deploy.0 = Release|x64
		{D35012DB-C8DF-434A-8925-248C338B3C83}.Release|ARM64.ActiveCfg = Release|ARM64
		{D35012DB-C8DF-434A-8925-248C338B3C83}.Release|ARM64.Build.0 = Release|ARM64
		{D35012DB-C8DF-434A-8925-248C338B3C83}.Release|ARM64.Deploy.0 = Release|ARM64
		{D35012DB-C8DF-434A-8925-248C338B3C83}.Release|x64.ActiveCfg = Release|x64
		{D35012DB-C8DF-434A-8925-248C338B3C83}.Release|x64.Build.0 = Release|x64
		{D35012DB-C8DF-434A-8925-248C338B3C83}.Release|x64.Deploy.0 = Release|x64
		{D35012DB-C8DF-434A-8925-248C338B3C83}.Release|x86.ActiveCfg = Release|x86
		{D35012DB-C8DF-434A-8925-248C338B3C83}.Release|x86.Build.0 = Release|x86
		{D35012DB-C8DF-434A-8925-248C338B3C83}.Release|x86.Deploy.0 = Release|x86
		{70373E72-92AF-4D35-819B-20FAE89844CA}.Debug|Any CPU.ActiveCfg = Debug|Any CPU
		{70373E72-92AF-4D35-819B-20FAE89844CA}.Debug|Any CPU.Build.0 = Debug|Any CPU
		{70373E72-92AF-4D35-819B-20FAE89844CA}.Debug|ARM64.ActiveCfg = Debug|Any CPU
		{70373E72-92AF-4D35-819B-20FAE89844CA}.Debug|ARM64.Build.0 = Debug|Any CPU
		{70373E72-92AF-4D35-819B-20FAE89844CA}.Debug|x64.ActiveCfg = Debug|Any CPU
		{70373E72-92AF-4D35-819B-20FAE89844CA}.Debug|x64.Build.0 = Debug|Any CPU
		{70373E72-92AF-4D35-819B-20FAE89844CA}.Debug|x86.ActiveCfg = Debug|Any CPU
		{70373E72-92AF-4D35-819B-20FAE89844CA}.Debug|x86.Build.0 = Debug|Any CPU
		{70373E72-92AF-4D35-819B-20FAE89844CA}.Release|Any CPU.ActiveCfg = Release|Any CPU
		{70373E72-92AF-4D35-819B-20FAE89844CA}.Release|Any CPU.Build.0 = Release|Any CPU
		{70373E72-92AF-4D35-819B-20FAE89844CA}.Release|ARM64.ActiveCfg = Release|Any CPU
		{70373E72-92AF-4D35-819B-20FAE89844CA}.Release|ARM64.Build.0 = Release|Any CPU
		{70373E72-92AF-4D35-819B-20FAE89844CA}.Release|x64.ActiveCfg = Release|x64
		{70373E72-92AF-4D35-819B-20FAE89844CA}.Release|x64.Build.0 = Release|x64
		{70373E72-92AF-4D35-819B-20FAE89844CA}.Release|x86.ActiveCfg = Release|Any CPU
		{70373E72-92AF-4D35-819B-20FAE89844CA}.Release|x86.Build.0 = Release|Any CPU
		{2BDD1B5A-68E8-4A2B-94D4-2D064E40EBFC}.Debug|Any CPU.ActiveCfg = Debug|Any CPU
		{2BDD1B5A-68E8-4A2B-94D4-2D064E40EBFC}.Debug|Any CPU.Build.0 = Debug|Any CPU
		{2BDD1B5A-68E8-4A2B-94D4-2D064E40EBFC}.Debug|ARM64.ActiveCfg = Debug|Any CPU
		{2BDD1B5A-68E8-4A2B-94D4-2D064E40EBFC}.Debug|ARM64.Build.0 = Debug|Any CPU
		{2BDD1B5A-68E8-4A2B-94D4-2D064E40EBFC}.Debug|x64.ActiveCfg = Debug|Any CPU
		{2BDD1B5A-68E8-4A2B-94D4-2D064E40EBFC}.Debug|x64.Build.0 = Debug|Any CPU
		{2BDD1B5A-68E8-4A2B-94D4-2D064E40EBFC}.Debug|x86.ActiveCfg = Debug|Any CPU
		{2BDD1B5A-68E8-4A2B-94D4-2D064E40EBFC}.Debug|x86.Build.0 = Debug|Any CPU
		{2BDD1B5A-68E8-4A2B-94D4-2D064E40EBFC}.Release|Any CPU.ActiveCfg = Release|Any CPU
		{2BDD1B5A-68E8-4A2B-94D4-2D064E40EBFC}.Release|Any CPU.Build.0 = Release|Any CPU
		{2BDD1B5A-68E8-4A2B-94D4-2D064E40EBFC}.Release|ARM64.ActiveCfg = Release|Any CPU
		{2BDD1B5A-68E8-4A2B-94D4-2D064E40EBFC}.Release|ARM64.Build.0 = Release|Any CPU
		{2BDD1B5A-68E8-4A2B-94D4-2D064E40EBFC}.Release|x64.ActiveCfg = Release|x64
		{2BDD1B5A-68E8-4A2B-94D4-2D064E40EBFC}.Release|x64.Build.0 = Release|x64
		{2BDD1B5A-68E8-4A2B-94D4-2D064E40EBFC}.Release|x86.ActiveCfg = Release|Any CPU
		{2BDD1B5A-68E8-4A2B-94D4-2D064E40EBFC}.Release|x86.Build.0 = Release|Any CPU
		{FDD3198A-6044-4443-97BC-741BD449A4E4}.Debug|Any CPU.ActiveCfg = Debug|Any CPU
		{FDD3198A-6044-4443-97BC-741BD449A4E4}.Debug|Any CPU.Build.0 = Debug|Any CPU
		{FDD3198A-6044-4443-97BC-741BD449A4E4}.Debug|ARM64.ActiveCfg = Debug|Any CPU
		{FDD3198A-6044-4443-97BC-741BD449A4E4}.Debug|ARM64.Build.0 = Debug|Any CPU
		{FDD3198A-6044-4443-97BC-741BD449A4E4}.Debug|x64.ActiveCfg = Debug|Any CPU
		{FDD3198A-6044-4443-97BC-741BD449A4E4}.Debug|x64.Build.0 = Debug|Any CPU
		{FDD3198A-6044-4443-97BC-741BD449A4E4}.Debug|x86.ActiveCfg = Debug|Any CPU
		{FDD3198A-6044-4443-97BC-741BD449A4E4}.Debug|x86.Build.0 = Debug|Any CPU
		{FDD3198A-6044-4443-97BC-741BD449A4E4}.Release|Any CPU.ActiveCfg = Release|Any CPU
		{FDD3198A-6044-4443-97BC-741BD449A4E4}.Release|Any CPU.Build.0 = Release|Any CPU
		{FDD3198A-6044-4443-97BC-741BD449A4E4}.Release|ARM64.ActiveCfg = Release|Any CPU
		{FDD3198A-6044-4443-97BC-741BD449A4E4}.Release|ARM64.Build.0 = Release|Any CPU
		{FDD3198A-6044-4443-97BC-741BD449A4E4}.Release|x64.ActiveCfg = Release|x64
		{FDD3198A-6044-4443-97BC-741BD449A4E4}.Release|x64.Build.0 = Release|x64
		{FDD3198A-6044-4443-97BC-741BD449A4E4}.Release|x86.ActiveCfg = Release|Any CPU
		{FDD3198A-6044-4443-97BC-741BD449A4E4}.Release|x86.Build.0 = Release|Any CPU
		{6CB7825A-CF1A-4B36-8F01-4A240269919F}.Debug|Any CPU.ActiveCfg = Debug|Any CPU
		{6CB7825A-CF1A-4B36-8F01-4A240269919F}.Debug|Any CPU.Build.0 = Debug|Any CPU
		{6CB7825A-CF1A-4B36-8F01-4A240269919F}.Debug|ARM64.ActiveCfg = Debug|Any CPU
		{6CB7825A-CF1A-4B36-8F01-4A240269919F}.Debug|ARM64.Build.0 = Debug|Any CPU
		{6CB7825A-CF1A-4B36-8F01-4A240269919F}.Debug|x64.ActiveCfg = Debug|Any CPU
		{6CB7825A-CF1A-4B36-8F01-4A240269919F}.Debug|x64.Build.0 = Debug|Any CPU
		{6CB7825A-CF1A-4B36-8F01-4A240269919F}.Debug|x86.ActiveCfg = Debug|Any CPU
		{6CB7825A-CF1A-4B36-8F01-4A240269919F}.Debug|x86.Build.0 = Debug|Any CPU
		{6CB7825A-CF1A-4B36-8F01-4A240269919F}.Release|Any CPU.ActiveCfg = Release|Any CPU
		{6CB7825A-CF1A-4B36-8F01-4A240269919F}.Release|Any CPU.Build.0 = Release|Any CPU
		{6CB7825A-CF1A-4B36-8F01-4A240269919F}.Release|ARM64.ActiveCfg = Release|Any CPU
		{6CB7825A-CF1A-4B36-8F01-4A240269919F}.Release|ARM64.Build.0 = Release|Any CPU
		{6CB7825A-CF1A-4B36-8F01-4A240269919F}.Release|x64.ActiveCfg = Release|x64
		{6CB7825A-CF1A-4B36-8F01-4A240269919F}.Release|x64.Build.0 = Release|x64
		{6CB7825A-CF1A-4B36-8F01-4A240269919F}.Release|x86.ActiveCfg = Release|Any CPU
		{6CB7825A-CF1A-4B36-8F01-4A240269919F}.Release|x86.Build.0 = Release|Any CPU
		{7C7CF654-BF2B-471E-B55E-9AFDF30CC166}.Debug|Any CPU.ActiveCfg = Debug|Any CPU
		{7C7CF654-BF2B-471E-B55E-9AFDF30CC166}.Debug|Any CPU.Build.0 = Debug|Any CPU
		{7C7CF654-BF2B-471E-B55E-9AFDF30CC166}.Debug|ARM64.ActiveCfg = Debug|Any CPU
		{7C7CF654-BF2B-471E-B55E-9AFDF30CC166}.Debug|ARM64.Build.0 = Debug|Any CPU
		{7C7CF654-BF2B-471E-B55E-9AFDF30CC166}.Debug|x64.ActiveCfg = Debug|Any CPU
		{7C7CF654-BF2B-471E-B55E-9AFDF30CC166}.Debug|x64.Build.0 = Debug|Any CPU
		{7C7CF654-BF2B-471E-B55E-9AFDF30CC166}.Debug|x86.ActiveCfg = Debug|Any CPU
		{7C7CF654-BF2B-471E-B55E-9AFDF30CC166}.Debug|x86.Build.0 = Debug|Any CPU
		{7C7CF654-BF2B-471E-B55E-9AFDF30CC166}.Release|Any CPU.ActiveCfg = Release|Any CPU
		{7C7CF654-BF2B-471E-B55E-9AFDF30CC166}.Release|Any CPU.Build.0 = Release|Any CPU
		{7C7CF654-BF2B-471E-B55E-9AFDF30CC166}.Release|ARM64.ActiveCfg = Release|Any CPU
		{7C7CF654-BF2B-471E-B55E-9AFDF30CC166}.Release|ARM64.Build.0 = Release|Any CPU
		{7C7CF654-BF2B-471E-B55E-9AFDF30CC166}.Release|x64.ActiveCfg = Release|Any CPU
		{7C7CF654-BF2B-471E-B55E-9AFDF30CC166}.Release|x64.Build.0 = Release|Any CPU
		{7C7CF654-BF2B-471E-B55E-9AFDF30CC166}.Release|x86.ActiveCfg = Release|Any CPU
		{7C7CF654-BF2B-471E-B55E-9AFDF30CC166}.Release|x86.Build.0 = Release|Any CPU
	EndGlobalSection
	GlobalSection(SolutionProperties) = preSolution
		HideSolutionNode = FALSE
	EndGlobalSection
	GlobalSection(ExtensibilityGlobals) = postSolution
		SolutionGuid = {A80AD1BD-6AC3-4490-8BB0-A4765483A267}
	EndGlobalSection
EndGlobal
