
Microsoft Visual Studio Solution File, Format Version 12.00
# Visual Studio Version 17
VisualStudioVersion = 17.9.34607.119
MinimumVisualStudioVersion = 10.0.40219.1
Project("{9A19103F-16F7-4668-BE54-9A1E7A4F7556}") = "FireBrowserWinUi3", "FireBrowserWinUi3\FireBrowserWinUi3.csproj", "{F5926CAB-5CFA-47B4-8E89-B12DA34F84FF}"
EndProject
Project("{9A19103F-16F7-4668-BE54-9A1E7A4F7556}") = "FireBrowserWinUi3Core", "FireBrowserWinUi3Core\FireBrowserWinUi3Core.csproj", "{2F04ADA6-8698-42A8-99BF-C97B7421B385}"
EndProject
Project("{9A19103F-16F7-4668-BE54-9A1E7A4F7556}") = "FireBrowserWinUi3DataCore", "FireBrowserWinUi3DataCore\FireBrowserWinUi3DataCore.csproj", "{9C08C064-6D9A-4517-986A-C80C5BC04404}"
EndProject
Project("{9A19103F-16F7-4668-BE54-9A1E7A4F7556}") = "FireBrowserWinUi3MultiCore", "FireBrowserWinUi3MultiCore\FireBrowserWinUi3MultiCore.csproj", "{E8C3238A-3587-4573-A1DF-A52A58104B3B}"
EndProject
Project("{9A19103F-16F7-4668-BE54-9A1E7A4F7556}") = "FireBrowserWinUi3Assets", "FireBrowserWinUi3Assets\FireBrowserWinUi3Assets.csproj", "{7749CEFF-CD05-43C9-863B-B0D0EDEEF3DB}"
EndProject
Project("{9A19103F-16F7-4668-BE54-9A1E7A4F7556}") = "FireBrowserWinUi3AdBlockCore", "FireBrowserWinUi3AdBlockCore\FireBrowserWinUi3AdBlockCore.csproj", "{304378DE-46E0-4012-91C4-17DBCA62F588}"
EndProject
Project("{9A19103F-16F7-4668-BE54-9A1E7A4F7556}") = "FireBrowserWinUi3Database", "FireBrowserWinUi3Database\FireBrowserWinUi3Database.csproj", "{7FD0A084-848C-4B3C-98B6-CDFDF1E22B30}"
EndProject
Project("{9A19103F-16F7-4668-BE54-9A1E7A4F7556}") = "FireBrowserWinUi3Exceptions", "FireBrowserWinUi3Exceptions\FireBrowserWinUi3Exceptions.csproj", "{7532C153-E921-493F-9F98-1F0192F03C7D}"
EndProject
Project("{9A19103F-16F7-4668-BE54-9A1E7A4F7556}") = "FireBrowserWinUi3Favorites", "FireBrowserWinUi3Favorites\FireBrowserWinUi3Favorites.csproj", "{B43EA28D-6957-4930-84E6-321FEE852E11}"
EndProject
Project("{9A19103F-16F7-4668-BE54-9A1E7A4F7556}") = "FireBrowserWinUi3QrCode", "FireBrowserWinUi3QrCode\FireBrowserWinUi3QrCode.csproj", "{37C26C00-16D6-4CC7-80CA-87EADC8F3E4C}"
EndProject
Project("{9A19103F-16F7-4668-BE54-9A1E7A4F7556}") = "FireBrowserWinUi3Setup", "FireBrowserWinUi3Setup\FireBrowserWinUi3Setup.csproj", "{7C09DC53-F60A-4957-9997-BF849293F3F5}"
EndProject
Project("{9A19103F-16F7-4668-BE54-9A1E7A4F7556}") = "FireBrowserWinUi3Auth", "FireBrowserWinUi3Auth\FireBrowserWinUi3Auth.csproj", "{BE553C33-BD48-441D-A538-57FC05F24160}"
EndProject
Project("{9A19103F-16F7-4668-BE54-9A1E7A4F7556}") = "FireBrowserWinUi3AuthCore", "FireBrowserWinUi3AuthCore\FireBrowserWinUi3AuthCore.csproj", "{E0A83C16-C432-4926-83D0-5EFFD8D19FEC}"
EndProject
Project("{9A19103F-16F7-4668-BE54-9A1E7A4F7556}") = "FireBrowserWinUi3Modules", "FireBrowserWinUi3Modules\FireBrowserWinUi3Modules.csproj", "{3E71BAD1-9975-4BC1-8D17-5E0F4042271E}"
EndProject
Project("{9A19103F-16F7-4668-BE54-9A1E7A4F7556}") = "FireBrowserWinUi3Navigator", "FireBrowserWinUi3Navigator\FireBrowserWinUi3Navigator.csproj", "{5D126172-5E4F-4B1D-8FC2-B3101D955BB4}"
EndProject
Project("{9A19103F-16F7-4668-BE54-9A1E7A4F7556}") = "FireBrowserWinUi3Services", "FireBrowserWinUi3Services\FireBrowserWinUi3Services.csproj", "{20CED5A7-ABEE-4BF7-A5E6-3142B9EC8F3E}"
EndProject
Project("{FAE04EC0-301F-11D3-BF4B-00C04F79EFBC}") = "FireBrowserUpdate", "FireBrowserUpdate\FireBrowserUpdate.csproj", "{73C301CE-6CF6-4938-8E47-50914BF6CC41}"
EndProject
Global
	GlobalSection(SolutionConfigurationPlatforms) = preSolution
		Debug|Any CPU = Debug|Any CPU
		Debug|ARM64 = Debug|ARM64
		Debug|x64 = Debug|x64
		Debug|x86 = Debug|x86
		Release|Any CPU = Release|Any CPU
		Release|ARM64 = Release|ARM64
		Release|x64 = Release|x64
		Release|x86 = Release|x86
	EndGlobalSection
	GlobalSection(ProjectConfigurationPlatforms) = postSolution
		{F5926CAB-5CFA-47B4-8E89-B12DA34F84FF}.Debug|Any CPU.ActiveCfg = Debug|Any CPU
		{F5926CAB-5CFA-47B4-8E89-B12DA34F84FF}.Debug|Any CPU.Build.0 = Debug|Any CPU
		{F5926CAB-5CFA-47B4-8E89-B12DA34F84FF}.Debug|Any CPU.Deploy.0 = Debug|Any CPU
		{F5926CAB-5CFA-47B4-8E89-B12DA34F84FF}.Debug|ARM64.ActiveCfg = Debug|Any CPU
		{F5926CAB-5CFA-47B4-8E89-B12DA34F84FF}.Debug|ARM64.Build.0 = Debug|Any CPU
		{F5926CAB-5CFA-47B4-8E89-B12DA34F84FF}.Debug|ARM64.Deploy.0 = Debug|Any CPU
		{F5926CAB-5CFA-47B4-8E89-B12DA34F84FF}.Debug|x64.ActiveCfg = Debug|x64
		{F5926CAB-5CFA-47B4-8E89-B12DA34F84FF}.Debug|x64.Build.0 = Debug|x64
		{F5926CAB-5CFA-47B4-8E89-B12DA34F84FF}.Debug|x64.Deploy.0 = Debug|x64
		{F5926CAB-5CFA-47B4-8E89-B12DA34F84FF}.Debug|x86.ActiveCfg = Debug|Any CPU
		{F5926CAB-5CFA-47B4-8E89-B12DA34F84FF}.Debug|x86.Build.0 = Debug|Any CPU
		{F5926CAB-5CFA-47B4-8E89-B12DA34F84FF}.Debug|x86.Deploy.0 = Debug|Any CPU
		{F5926CAB-5CFA-47B4-8E89-B12DA34F84FF}.Release|Any CPU.ActiveCfg = Release|Any CPU
		{F5926CAB-5CFA-47B4-8E89-B12DA34F84FF}.Release|ARM64.ActiveCfg = Release|Any CPU
		{F5926CAB-5CFA-47B4-8E89-B12DA34F84FF}.Release|ARM64.Build.0 = Release|Any CPU
		{F5926CAB-5CFA-47B4-8E89-B12DA34F84FF}.Release|ARM64.Deploy.0 = Release|Any CPU
		{F5926CAB-5CFA-47B4-8E89-B12DA34F84FF}.Release|x64.ActiveCfg = Release|x64
		{F5926CAB-5CFA-47B4-8E89-B12DA34F84FF}.Release|x64.Build.0 = Release|x64
		{F5926CAB-5CFA-47B4-8E89-B12DA34F84FF}.Release|x64.Deploy.0 = Release|x64
		{F5926CAB-5CFA-47B4-8E89-B12DA34F84FF}.Release|x86.ActiveCfg = Release|Any CPU
		{F5926CAB-5CFA-47B4-8E89-B12DA34F84FF}.Release|x86.Build.0 = Release|Any CPU
		{F5926CAB-5CFA-47B4-8E89-B12DA34F84FF}.Release|x86.Deploy.0 = Release|Any CPU
		{2F04ADA6-8698-42A8-99BF-C97B7421B385}.Debug|Any CPU.ActiveCfg = Debug|Any CPU
		{2F04ADA6-8698-42A8-99BF-C97B7421B385}.Debug|Any CPU.Build.0 = Debug|Any CPU
		{2F04ADA6-8698-42A8-99BF-C97B7421B385}.Debug|ARM64.ActiveCfg = Debug|Any CPU
		{2F04ADA6-8698-42A8-99BF-C97B7421B385}.Debug|ARM64.Build.0 = Debug|Any CPU
		{2F04ADA6-8698-42A8-99BF-C97B7421B385}.Debug|x64.ActiveCfg = Debug|x64
		{2F04ADA6-8698-42A8-99BF-C97B7421B385}.Debug|x64.Build.0 = Debug|x64
		{2F04ADA6-8698-42A8-99BF-C97B7421B385}.Debug|x86.ActiveCfg = Debug|Any CPU
		{2F04ADA6-8698-42A8-99BF-C97B7421B385}.Debug|x86.Build.0 = Debug|Any CPU
		{2F04ADA6-8698-42A8-99BF-C97B7421B385}.Release|Any CPU.ActiveCfg = Release|Any CPU
		{2F04ADA6-8698-42A8-99BF-C97B7421B385}.Release|Any CPU.Build.0 = Release|Any CPU
		{2F04ADA6-8698-42A8-99BF-C97B7421B385}.Release|ARM64.ActiveCfg = Release|Any CPU
		{2F04ADA6-8698-42A8-99BF-C97B7421B385}.Release|ARM64.Build.0 = Release|Any CPU
		{2F04ADA6-8698-42A8-99BF-C97B7421B385}.Release|x64.ActiveCfg = Release|x64
		{2F04ADA6-8698-42A8-99BF-C97B7421B385}.Release|x64.Build.0 = Release|x64
		{2F04ADA6-8698-42A8-99BF-C97B7421B385}.Release|x86.ActiveCfg = Release|Any CPU
		{2F04ADA6-8698-42A8-99BF-C97B7421B385}.Release|x86.Build.0 = Release|Any CPU
		{9C08C064-6D9A-4517-986A-C80C5BC04404}.Debug|Any CPU.ActiveCfg = Debug|Any CPU
		{9C08C064-6D9A-4517-986A-C80C5BC04404}.Debug|Any CPU.Build.0 = Debug|Any CPU
		{9C08C064-6D9A-4517-986A-C80C5BC04404}.Debug|ARM64.ActiveCfg = Debug|Any CPU
		{9C08C064-6D9A-4517-986A-C80C5BC04404}.Debug|ARM64.Build.0 = Debug|Any CPU
		{9C08C064-6D9A-4517-986A-C80C5BC04404}.Debug|x64.ActiveCfg = Debug|x64
		{9C08C064-6D9A-4517-986A-C80C5BC04404}.Debug|x64.Build.0 = Debug|x64
		{9C08C064-6D9A-4517-986A-C80C5BC04404}.Debug|x86.ActiveCfg = Debug|Any CPU
		{9C08C064-6D9A-4517-986A-C80C5BC04404}.Debug|x86.Build.0 = Debug|Any CPU
		{9C08C064-6D9A-4517-986A-C80C5BC04404}.Release|Any CPU.ActiveCfg = Release|Any CPU
		{9C08C064-6D9A-4517-986A-C80C5BC04404}.Release|Any CPU.Build.0 = Release|Any CPU
		{9C08C064-6D9A-4517-986A-C80C5BC04404}.Release|ARM64.ActiveCfg = Release|Any CPU
		{9C08C064-6D9A-4517-986A-C80C5BC04404}.Release|ARM64.Build.0 = Release|Any CPU
		{9C08C064-6D9A-4517-986A-C80C5BC04404}.Release|x64.ActiveCfg = Release|x64
		{9C08C064-6D9A-4517-986A-C80C5BC04404}.Release|x64.Build.0 = Release|x64
		{9C08C064-6D9A-4517-986A-C80C5BC04404}.Release|x86.ActiveCfg = Release|Any CPU
		{9C08C064-6D9A-4517-986A-C80C5BC04404}.Release|x86.Build.0 = Release|Any CPU
		{E8C3238A-3587-4573-A1DF-A52A58104B3B}.Debug|Any CPU.ActiveCfg = Debug|Any CPU
		{E8C3238A-3587-4573-A1DF-A52A58104B3B}.Debug|Any CPU.Build.0 = Debug|Any CPU
		{E8C3238A-3587-4573-A1DF-A52A58104B3B}.Debug|ARM64.ActiveCfg = Debug|Any CPU
		{E8C3238A-3587-4573-A1DF-A52A58104B3B}.Debug|ARM64.Build.0 = Debug|Any CPU
		{E8C3238A-3587-4573-A1DF-A52A58104B3B}.Debug|x64.ActiveCfg = Debug|x64
		{E8C3238A-3587-4573-A1DF-A52A58104B3B}.Debug|x64.Build.0 = Debug|x64
		{E8C3238A-3587-4573-A1DF-A52A58104B3B}.Debug|x86.ActiveCfg = Debug|Any CPU
		{E8C3238A-3587-4573-A1DF-A52A58104B3B}.Debug|x86.Build.0 = Debug|Any CPU
		{E8C3238A-3587-4573-A1DF-A52A58104B3B}.Release|Any CPU.ActiveCfg = Release|Any CPU
		{E8C3238A-3587-4573-A1DF-A52A58104B3B}.Release|Any CPU.Build.0 = Release|Any CPU
		{E8C3238A-3587-4573-A1DF-A52A58104B3B}.Release|ARM64.ActiveCfg = Release|Any CPU
		{E8C3238A-3587-4573-A1DF-A52A58104B3B}.Release|ARM64.Build.0 = Release|Any CPU
		{E8C3238A-3587-4573-A1DF-A52A58104B3B}.Release|x64.ActiveCfg = Release|x64
		{E8C3238A-3587-4573-A1DF-A52A58104B3B}.Release|x64.Build.0 = Release|x64
		{E8C3238A-3587-4573-A1DF-A52A58104B3B}.Release|x86.ActiveCfg = Release|Any CPU
		{E8C3238A-3587-4573-A1DF-A52A58104B3B}.Release|x86.Build.0 = Release|Any CPU
		{7749CEFF-CD05-43C9-863B-B0D0EDEEF3DB}.Debug|Any CPU.ActiveCfg = Debug|Any CPU
		{7749CEFF-CD05-43C9-863B-B0D0EDEEF3DB}.Debug|Any CPU.Build.0 = Debug|Any CPU
		{7749CEFF-CD05-43C9-863B-B0D0EDEEF3DB}.Debug|ARM64.ActiveCfg = Debug|Any CPU
		{7749CEFF-CD05-43C9-863B-B0D0EDEEF3DB}.Debug|ARM64.Build.0 = Debug|Any CPU
		{7749CEFF-CD05-43C9-863B-B0D0EDEEF3DB}.Debug|x64.ActiveCfg = Debug|x64
		{7749CEFF-CD05-43C9-863B-B0D0EDEEF3DB}.Debug|x64.Build.0 = Debug|x64
		{7749CEFF-CD05-43C9-863B-B0D0EDEEF3DB}.Debug|x86.ActiveCfg = Debug|Any CPU
		{7749CEFF-CD05-43C9-863B-B0D0EDEEF3DB}.Debug|x86.Build.0 = Debug|Any CPU
		{7749CEFF-CD05-43C9-863B-B0D0EDEEF3DB}.Release|Any CPU.ActiveCfg = Release|Any CPU
		{7749CEFF-CD05-43C9-863B-B0D0EDEEF3DB}.Release|Any CPU.Build.0 = Release|Any CPU
		{7749CEFF-CD05-43C9-863B-B0D0EDEEF3DB}.Release|ARM64.ActiveCfg = Release|Any CPU
		{7749CEFF-CD05-43C9-863B-B0D0EDEEF3DB}.Release|ARM64.Build.0 = Release|Any CPU
		{7749CEFF-CD05-43C9-863B-B0D0EDEEF3DB}.Release|x64.ActiveCfg = Release|x64
		{7749CEFF-CD05-43C9-863B-B0D0EDEEF3DB}.Release|x64.Build.0 = Release|x64
		{7749CEFF-CD05-43C9-863B-B0D0EDEEF3DB}.Release|x86.ActiveCfg = Release|Any CPU
		{7749CEFF-CD05-43C9-863B-B0D0EDEEF3DB}.Release|x86.Build.0 = Release|Any CPU
		{304378DE-46E0-4012-91C4-17DBCA62F588}.Debug|Any CPU.ActiveCfg = Debug|Any CPU
		{304378DE-46E0-4012-91C4-17DBCA62F588}.Debug|Any CPU.Build.0 = Debug|Any CPU
		{304378DE-46E0-4012-91C4-17DBCA62F588}.Debug|ARM64.ActiveCfg = Debug|Any CPU
		{304378DE-46E0-4012-91C4-17DBCA62F588}.Debug|ARM64.Build.0 = Debug|Any CPU
		{304378DE-46E0-4012-91C4-17DBCA62F588}.Debug|x64.ActiveCfg = Debug|x64
		{304378DE-46E0-4012-91C4-17DBCA62F588}.Debug|x64.Build.0 = Debug|x64
		{304378DE-46E0-4012-91C4-17DBCA62F588}.Debug|x86.ActiveCfg = Debug|Any CPU
		{304378DE-46E0-4012-91C4-17DBCA62F588}.Debug|x86.Build.0 = Debug|Any CPU
		{304378DE-46E0-4012-91C4-17DBCA62F588}.Release|Any CPU.ActiveCfg = Release|Any CPU
		{304378DE-46E0-4012-91C4-17DBCA62F588}.Release|Any CPU.Build.0 = Release|Any CPU
		{304378DE-46E0-4012-91C4-17DBCA62F588}.Release|ARM64.ActiveCfg = Release|Any CPU
		{304378DE-46E0-4012-91C4-17DBCA62F588}.Release|ARM64.Build.0 = Release|Any CPU
		{304378DE-46E0-4012-91C4-17DBCA62F588}.Release|x64.ActiveCfg = Release|x64
		{304378DE-46E0-4012-91C4-17DBCA62F588}.Release|x64.Build.0 = Release|x64
		{304378DE-46E0-4012-91C4-17DBCA62F588}.Release|x86.ActiveCfg = Release|Any CPU
		{304378DE-46E0-4012-91C4-17DBCA62F588}.Release|x86.Build.0 = Release|Any CPU
		{7FD0A084-848C-4B3C-98B6-CDFDF1E22B30}.Debug|Any CPU.ActiveCfg = Debug|Any CPU
		{7FD0A084-848C-4B3C-98B6-CDFDF1E22B30}.Debug|Any CPU.Build.0 = Debug|Any CPU
		{7FD0A084-848C-4B3C-98B6-CDFDF1E22B30}.Debug|ARM64.ActiveCfg = Debug|Any CPU
		{7FD0A084-848C-4B3C-98B6-CDFDF1E22B30}.Debug|ARM64.Build.0 = Debug|Any CPU
		{7FD0A084-848C-4B3C-98B6-CDFDF1E22B30}.Debug|x64.ActiveCfg = Debug|x64
		{7FD0A084-848C-4B3C-98B6-CDFDF1E22B30}.Debug|x64.Build.0 = Debug|x64
		{7FD0A084-848C-4B3C-98B6-CDFDF1E22B30}.Debug|x86.ActiveCfg = Debug|Any CPU
		{7FD0A084-848C-4B3C-98B6-CDFDF1E22B30}.Debug|x86.Build.0 = Debug|Any CPU
		{7FD0A084-848C-4B3C-98B6-CDFDF1E22B30}.Release|Any CPU.ActiveCfg = Release|Any CPU
		{7FD0A084-848C-4B3C-98B6-CDFDF1E22B30}.Release|Any CPU.Build.0 = Release|Any CPU
		{7FD0A084-848C-4B3C-98B6-CDFDF1E22B30}.Release|ARM64.ActiveCfg = Release|Any CPU
		{7FD0A084-848C-4B3C-98B6-CDFDF1E22B30}.Release|ARM64.Build.0 = Release|Any CPU
		{7FD0A084-848C-4B3C-98B6-CDFDF1E22B30}.Release|x64.ActiveCfg = Release|x64
		{7FD0A084-848C-4B3C-98B6-CDFDF1E22B30}.Release|x64.Build.0 = Release|x64
		{7FD0A084-848C-4B3C-98B6-CDFDF1E22B30}.Release|x86.ActiveCfg = Release|Any CPU
		{7FD0A084-848C-4B3C-98B6-CDFDF1E22B30}.Release|x86.Build.0 = Release|Any CPU
		{7532C153-E921-493F-9F98-1F0192F03C7D}.Debug|Any CPU.ActiveCfg = Debug|Any CPU
		{7532C153-E921-493F-9F98-1F0192F03C7D}.Debug|Any CPU.Build.0 = Debug|Any CPU
		{7532C153-E921-493F-9F98-1F0192F03C7D}.Debug|ARM64.ActiveCfg = Debug|Any CPU
		{7532C153-E921-493F-9F98-1F0192F03C7D}.Debug|ARM64.Build.0 = Debug|Any CPU
		{7532C153-E921-493F-9F98-1F0192F03C7D}.Debug|x64.ActiveCfg = Debug|x64
		{7532C153-E921-493F-9F98-1F0192F03C7D}.Debug|x64.Build.0 = Debug|x64
		{7532C153-E921-493F-9F98-1F0192F03C7D}.Debug|x86.ActiveCfg = Debug|Any CPU
		{7532C153-E921-493F-9F98-1F0192F03C7D}.Debug|x86.Build.0 = Debug|Any CPU
		{7532C153-E921-493F-9F98-1F0192F03C7D}.Release|Any CPU.ActiveCfg = Release|Any CPU
		{7532C153-E921-493F-9F98-1F0192F03C7D}.Release|Any CPU.Build.0 = Release|Any CPU
		{7532C153-E921-493F-9F98-1F0192F03C7D}.Release|ARM64.ActiveCfg = Release|Any CPU
		{7532C153-E921-493F-9F98-1F0192F03C7D}.Release|ARM64.Build.0 = Release|Any CPU
		{7532C153-E921-493F-9F98-1F0192F03C7D}.Release|x64.ActiveCfg = Release|x64
		{7532C153-E921-493F-9F98-1F0192F03C7D}.Release|x64.Build.0 = Release|x64
		{7532C153-E921-493F-9F98-1F0192F03C7D}.Release|x86.ActiveCfg = Release|Any CPU
		{7532C153-E921-493F-9F98-1F0192F03C7D}.Release|x86.Build.0 = Release|Any CPU
		{B43EA28D-6957-4930-84E6-321FEE852E11}.Debug|Any CPU.ActiveCfg = Debug|Any CPU
		{B43EA28D-6957-4930-84E6-321FEE852E11}.Debug|Any CPU.Build.0 = Debug|Any CPU
		{B43EA28D-6957-4930-84E6-321FEE852E11}.Debug|ARM64.ActiveCfg = Debug|Any CPU
		{B43EA28D-6957-4930-84E6-321FEE852E11}.Debug|ARM64.Build.0 = Debug|Any CPU
		{B43EA28D-6957-4930-84E6-321FEE852E11}.Debug|x64.ActiveCfg = Debug|x64
		{B43EA28D-6957-4930-84E6-321FEE852E11}.Debug|x64.Build.0 = Debug|x64
		{B43EA28D-6957-4930-84E6-321FEE852E11}.Debug|x86.ActiveCfg = Debug|Any CPU
		{B43EA28D-6957-4930-84E6-321FEE852E11}.Debug|x86.Build.0 = Debug|Any CPU
		{B43EA28D-6957-4930-84E6-321FEE852E11}.Release|Any CPU.ActiveCfg = Release|Any CPU
		{B43EA28D-6957-4930-84E6-321FEE852E11}.Release|Any CPU.Build.0 = Release|Any CPU
		{B43EA28D-6957-4930-84E6-321FEE852E11}.Release|ARM64.ActiveCfg = Release|Any CPU
		{B43EA28D-6957-4930-84E6-321FEE852E11}.Release|ARM64.Build.0 = Release|Any CPU
		{B43EA28D-6957-4930-84E6-321FEE852E11}.Release|x64.ActiveCfg = Release|x64
		{B43EA28D-6957-4930-84E6-321FEE852E11}.Release|x64.Build.0 = Release|x64
		{B43EA28D-6957-4930-84E6-321FEE852E11}.Release|x86.ActiveCfg = Release|Any CPU
		{B43EA28D-6957-4930-84E6-321FEE852E11}.Release|x86.Build.0 = Release|Any CPU
		{37C26C00-16D6-4CC7-80CA-87EADC8F3E4C}.Debug|Any CPU.ActiveCfg = Debug|Any CPU
		{37C26C00-16D6-4CC7-80CA-87EADC8F3E4C}.Debug|Any CPU.Build.0 = Debug|Any CPU
		{37C26C00-16D6-4CC7-80CA-87EADC8F3E4C}.Debug|ARM64.ActiveCfg = Debug|Any CPU
		{37C26C00-16D6-4CC7-80CA-87EADC8F3E4C}.Debug|ARM64.Build.0 = Debug|Any CPU
		{37C26C00-16D6-4CC7-80CA-87EADC8F3E4C}.Debug|x64.ActiveCfg = Debug|x64
		{37C26C00-16D6-4CC7-80CA-87EADC8F3E4C}.Debug|x64.Build.0 = Debug|x64
		{37C26C00-16D6-4CC7-80CA-87EADC8F3E4C}.Debug|x86.ActiveCfg = Debug|Any CPU
		{37C26C00-16D6-4CC7-80CA-87EADC8F3E4C}.Debug|x86.Build.0 = Debug|Any CPU
		{37C26C00-16D6-4CC7-80CA-87EADC8F3E4C}.Release|Any CPU.ActiveCfg = Release|Any CPU
		{37C26C00-16D6-4CC7-80CA-87EADC8F3E4C}.Release|Any CPU.Build.0 = Release|Any CPU
		{37C26C00-16D6-4CC7-80CA-87EADC8F3E4C}.Release|ARM64.ActiveCfg = Release|Any CPU
		{37C26C00-16D6-4CC7-80CA-87EADC8F3E4C}.Release|ARM64.Build.0 = Release|Any CPU
		{37C26C00-16D6-4CC7-80CA-87EADC8F3E4C}.Release|x64.ActiveCfg = Release|x64
		{37C26C00-16D6-4CC7-80CA-87EADC8F3E4C}.Release|x64.Build.0 = Release|x64
		{37C26C00-16D6-4CC7-80CA-87EADC8F3E4C}.Release|x86.ActiveCfg = Release|Any CPU
		{37C26C00-16D6-4CC7-80CA-87EADC8F3E4C}.Release|x86.Build.0 = Release|Any CPU
		{7C09DC53-F60A-4957-9997-BF849293F3F5}.Debug|Any CPU.ActiveCfg = Debug|Any CPU
		{7C09DC53-F60A-4957-9997-BF849293F3F5}.Debug|Any CPU.Build.0 = Debug|Any CPU
		{7C09DC53-F60A-4957-9997-BF849293F3F5}.Debug|ARM64.ActiveCfg = Debug|Any CPU
		{7C09DC53-F60A-4957-9997-BF849293F3F5}.Debug|ARM64.Build.0 = Debug|Any CPU
		{7C09DC53-F60A-4957-9997-BF849293F3F5}.Debug|x64.ActiveCfg = Debug|x64
		{7C09DC53-F60A-4957-9997-BF849293F3F5}.Debug|x64.Build.0 = Debug|x64
		{7C09DC53-F60A-4957-9997-BF849293F3F5}.Debug|x86.ActiveCfg = Debug|Any CPU
		{7C09DC53-F60A-4957-9997-BF849293F3F5}.Debug|x86.Build.0 = Debug|Any CPU
		{7C09DC53-F60A-4957-9997-BF849293F3F5}.Release|Any CPU.ActiveCfg = Release|Any CPU
		{7C09DC53-F60A-4957-9997-BF849293F3F5}.Release|Any CPU.Build.0 = Release|Any CPU
		{7C09DC53-F60A-4957-9997-BF849293F3F5}.Release|ARM64.ActiveCfg = Release|Any CPU
		{7C09DC53-F60A-4957-9997-BF849293F3F5}.Release|ARM64.Build.0 = Release|Any CPU
		{7C09DC53-F60A-4957-9997-BF849293F3F5}.Release|x64.ActiveCfg = Release|x64
		{7C09DC53-F60A-4957-9997-BF849293F3F5}.Release|x64.Build.0 = Release|x64
		{7C09DC53-F60A-4957-9997-BF849293F3F5}.Release|x86.ActiveCfg = Release|Any CPU
		{7C09DC53-F60A-4957-9997-BF849293F3F5}.Release|x86.Build.0 = Release|Any CPU
		{BE553C33-BD48-441D-A538-57FC05F24160}.Debug|Any CPU.ActiveCfg = Debug|Any CPU
		{BE553C33-BD48-441D-A538-57FC05F24160}.Debug|Any CPU.Build.0 = Debug|Any CPU
		{BE553C33-BD48-441D-A538-57FC05F24160}.Debug|ARM64.ActiveCfg = Debug|Any CPU
		{BE553C33-BD48-441D-A538-57FC05F24160}.Debug|ARM64.Build.0 = Debug|Any CPU
		{BE553C33-BD48-441D-A538-57FC05F24160}.Debug|x64.ActiveCfg = Debug|x64
		{BE553C33-BD48-441D-A538-57FC05F24160}.Debug|x64.Build.0 = Debug|x64
		{BE553C33-BD48-441D-A538-57FC05F24160}.Debug|x86.ActiveCfg = Debug|Any CPU
		{BE553C33-BD48-441D-A538-57FC05F24160}.Debug|x86.Build.0 = Debug|Any CPU
		{BE553C33-BD48-441D-A538-57FC05F24160}.Release|Any CPU.ActiveCfg = Release|Any CPU
		{BE553C33-BD48-441D-A538-57FC05F24160}.Release|Any CPU.Build.0 = Release|Any CPU
		{BE553C33-BD48-441D-A538-57FC05F24160}.Release|ARM64.ActiveCfg = Release|Any CPU
		{BE553C33-BD48-441D-A538-57FC05F24160}.Release|ARM64.Build.0 = Release|Any CPU
		{BE553C33-BD48-441D-A538-57FC05F24160}.Release|x64.ActiveCfg = Release|x64
		{BE553C33-BD48-441D-A538-57FC05F24160}.Release|x64.Build.0 = Release|x64
		{BE553C33-BD48-441D-A538-57FC05F24160}.Release|x86.ActiveCfg = Release|Any CPU
		{BE553C33-BD48-441D-A538-57FC05F24160}.Release|x86.Build.0 = Release|Any CPU
		{E0A83C16-C432-4926-83D0-5EFFD8D19FEC}.Debug|Any CPU.ActiveCfg = Debug|Any CPU
		{E0A83C16-C432-4926-83D0-5EFFD8D19FEC}.Debug|Any CPU.Build.0 = Debug|Any CPU
		{E0A83C16-C432-4926-83D0-5EFFD8D19FEC}.Debug|ARM64.ActiveCfg = Debug|Any CPU
		{E0A83C16-C432-4926-83D0-5EFFD8D19FEC}.Debug|ARM64.Build.0 = Debug|Any CPU
		{E0A83C16-C432-4926-83D0-5EFFD8D19FEC}.Debug|x64.ActiveCfg = Debug|x64
		{E0A83C16-C432-4926-83D0-5EFFD8D19FEC}.Debug|x64.Build.0 = Debug|x64
		{E0A83C16-C432-4926-83D0-5EFFD8D19FEC}.Debug|x86.ActiveCfg = Debug|Any CPU
		{E0A83C16-C432-4926-83D0-5EFFD8D19FEC}.Debug|x86.Build.0 = Debug|Any CPU
		{E0A83C16-C432-4926-83D0-5EFFD8D19FEC}.Release|Any CPU.ActiveCfg = Release|Any CPU
		{E0A83C16-C432-4926-83D0-5EFFD8D19FEC}.Release|Any CPU.Build.0 = Release|Any CPU
		{E0A83C16-C432-4926-83D0-5EFFD8D19FEC}.Release|ARM64.ActiveCfg = Release|Any CPU
		{E0A83C16-C432-4926-83D0-5EFFD8D19FEC}.Release|ARM64.Build.0 = Release|Any CPU
		{E0A83C16-C432-4926-83D0-5EFFD8D19FEC}.Release|x64.ActiveCfg = Release|x64
		{E0A83C16-C432-4926-83D0-5EFFD8D19FEC}.Release|x64.Build.0 = Release|x64
		{E0A83C16-C432-4926-83D0-5EFFD8D19FEC}.Release|x86.ActiveCfg = Release|Any CPU
		{E0A83C16-C432-4926-83D0-5EFFD8D19FEC}.Release|x86.Build.0 = Release|Any CPU
		{3E71BAD1-9975-4BC1-8D17-5E0F4042271E}.Debug|Any CPU.ActiveCfg = Debug|Any CPU
		{3E71BAD1-9975-4BC1-8D17-5E0F4042271E}.Debug|Any CPU.Build.0 = Debug|Any CPU
		{3E71BAD1-9975-4BC1-8D17-5E0F4042271E}.Debug|ARM64.ActiveCfg = Debug|Any CPU
		{3E71BAD1-9975-4BC1-8D17-5E0F4042271E}.Debug|ARM64.Build.0 = Debug|Any CPU
		{3E71BAD1-9975-4BC1-8D17-5E0F4042271E}.Debug|x64.ActiveCfg = Debug|x64
		{3E71BAD1-9975-4BC1-8D17-5E0F4042271E}.Debug|x64.Build.0 = Debug|x64
		{3E71BAD1-9975-4BC1-8D17-5E0F4042271E}.Debug|x86.ActiveCfg = Debug|Any CPU
		{3E71BAD1-9975-4BC1-8D17-5E0F4042271E}.Debug|x86.Build.0 = Debug|Any CPU
		{3E71BAD1-9975-4BC1-8D17-5E0F4042271E}.Release|Any CPU.ActiveCfg = Release|Any CPU
		{3E71BAD1-9975-4BC1-8D17-5E0F4042271E}.Release|Any CPU.Build.0 = Release|Any CPU
		{3E71BAD1-9975-4BC1-8D17-5E0F4042271E}.Release|ARM64.ActiveCfg = Release|Any CPU
		{3E71BAD1-9975-4BC1-8D17-5E0F4042271E}.Release|ARM64.Build.0 = Release|Any CPU
		{3E71BAD1-9975-4BC1-8D17-5E0F4042271E}.Release|x64.ActiveCfg = Release|x64
		{3E71BAD1-9975-4BC1-8D17-5E0F4042271E}.Release|x64.Build.0 = Release|x64
		{3E71BAD1-9975-4BC1-8D17-5E0F4042271E}.Release|x86.ActiveCfg = Release|Any CPU
		{3E71BAD1-9975-4BC1-8D17-5E0F4042271E}.Release|x86.Build.0 = Release|Any CPU
		{5D126172-5E4F-4B1D-8FC2-B3101D955BB4}.Debug|Any CPU.ActiveCfg = Debug|Any CPU
		{5D126172-5E4F-4B1D-8FC2-B3101D955BB4}.Debug|Any CPU.Build.0 = Debug|Any CPU
		{5D126172-5E4F-4B1D-8FC2-B3101D955BB4}.Debug|ARM64.ActiveCfg = Debug|Any CPU
		{5D126172-5E4F-4B1D-8FC2-B3101D955BB4}.Debug|ARM64.Build.0 = Debug|Any CPU
		{5D126172-5E4F-4B1D-8FC2-B3101D955BB4}.Debug|x64.ActiveCfg = Debug|x64
		{5D126172-5E4F-4B1D-8FC2-B3101D955BB4}.Debug|x64.Build.0 = Debug|x64
		{5D126172-5E4F-4B1D-8FC2-B3101D955BB4}.Debug|x86.ActiveCfg = Debug|Any CPU
		{5D126172-5E4F-4B1D-8FC2-B3101D955BB4}.Debug|x86.Build.0 = Debug|Any CPU
		{5D126172-5E4F-4B1D-8FC2-B3101D955BB4}.Release|Any CPU.ActiveCfg = Release|Any CPU
		{5D126172-5E4F-4B1D-8FC2-B3101D955BB4}.Release|Any CPU.Build.0 = Release|Any CPU
		{5D126172-5E4F-4B1D-8FC2-B3101D955BB4}.Release|ARM64.ActiveCfg = Release|Any CPU
		{5D126172-5E4F-4B1D-8FC2-B3101D955BB4}.Release|ARM64.Build.0 = Release|Any CPU
		{5D126172-5E4F-4B1D-8FC2-B3101D955BB4}.Release|x64.ActiveCfg = Release|x64
		{5D126172-5E4F-4B1D-8FC2-B3101D955BB4}.Release|x64.Build.0 = Release|x64
		{5D126172-5E4F-4B1D-8FC2-B3101D955BB4}.Release|x86.ActiveCfg = Release|Any CPU
		{5D126172-5E4F-4B1D-8FC2-B3101D955BB4}.Release|x86.Build.0 = Release|Any CPU
		{20CED5A7-ABEE-4BF7-A5E6-3142B9EC8F3E}.Debug|Any CPU.ActiveCfg = Debug|Any CPU
		{20CED5A7-ABEE-4BF7-A5E6-3142B9EC8F3E}.Debug|Any CPU.Build.0 = Debug|Any CPU
		{20CED5A7-ABEE-4BF7-A5E6-3142B9EC8F3E}.Debug|ARM64.ActiveCfg = Debug|Any CPU
		{20CED5A7-ABEE-4BF7-A5E6-3142B9EC8F3E}.Debug|ARM64.Build.0 = Debug|Any CPU
		{20CED5A7-ABEE-4BF7-A5E6-3142B9EC8F3E}.Debug|x64.ActiveCfg = Debug|x64
		{20CED5A7-ABEE-4BF7-A5E6-3142B9EC8F3E}.Debug|x64.Build.0 = Debug|x64
		{20CED5A7-ABEE-4BF7-A5E6-3142B9EC8F3E}.Debug|x86.ActiveCfg = Debug|Any CPU
		{20CED5A7-ABEE-4BF7-A5E6-3142B9EC8F3E}.Debug|x86.Build.0 = Debug|Any CPU
		{20CED5A7-ABEE-4BF7-A5E6-3142B9EC8F3E}.Release|Any CPU.ActiveCfg = Release|Any CPU
		{20CED5A7-ABEE-4BF7-A5E6-3142B9EC8F3E}.Release|Any CPU.Build.0 = Release|Any CPU
		{20CED5A7-ABEE-4BF7-A5E6-3142B9EC8F3E}.Release|ARM64.ActiveCfg = Release|Any CPU
		{20CED5A7-ABEE-4BF7-A5E6-3142B9EC8F3E}.Release|ARM64.Build.0 = Release|Any CPU
		{20CED5A7-ABEE-4BF7-A5E6-3142B9EC8F3E}.Release|x64.ActiveCfg = Release|x64
		{20CED5A7-ABEE-4BF7-A5E6-3142B9EC8F3E}.Release|x64.Build.0 = Release|x64
		{20CED5A7-ABEE-4BF7-A5E6-3142B9EC8F3E}.Release|x86.ActiveCfg = Release|Any CPU
		{20CED5A7-ABEE-4BF7-A5E6-3142B9EC8F3E}.Release|x86.Build.0 = Release|Any CPU
		{73C301CE-6CF6-4938-8E47-50914BF6CC41}.Debug|Any CPU.ActiveCfg = Debug|Any CPU
		{73C301CE-6CF6-4938-8E47-50914BF6CC41}.Debug|Any CPU.Build.0 = Debug|Any CPU
		{73C301CE-6CF6-4938-8E47-50914BF6CC41}.Debug|ARM64.ActiveCfg = Debug|Any CPU
		{73C301CE-6CF6-4938-8E47-50914BF6CC41}.Debug|ARM64.Build.0 = Debug|Any CPU
		{73C301CE-6CF6-4938-8E47-50914BF6CC41}.Debug|x64.ActiveCfg = Debug|Any CPU
		{73C301CE-6CF6-4938-8E47-50914BF6CC41}.Debug|x64.Build.0 = Debug|Any CPU
		{73C301CE-6CF6-4938-8E47-50914BF6CC41}.Debug|x86.ActiveCfg = Debug|Any CPU
		{73C301CE-6CF6-4938-8E47-50914BF6CC41}.Debug|x86.Build.0 = Debug|Any CPU
		{73C301CE-6CF6-4938-8E47-50914BF6CC41}.Release|Any CPU.ActiveCfg = Release|Any CPU
		{73C301CE-6CF6-4938-8E47-50914BF6CC41}.Release|Any CPU.Build.0 = Release|Any CPU
		{73C301CE-6CF6-4938-8E47-50914BF6CC41}.Release|ARM64.ActiveCfg = Release|Any CPU
		{73C301CE-6CF6-4938-8E47-50914BF6CC41}.Release|ARM64.Build.0 = Release|Any CPU
		{73C301CE-6CF6-4938-8E47-50914BF6CC41}.Release|x64.ActiveCfg = Release|x64
		{73C301CE-6CF6-4938-8E47-50914BF6CC41}.Release|x64.Build.0 = Release|x64
		{73C301CE-6CF6-4938-8E47-50914BF6CC41}.Release|x86.ActiveCfg = Release|Any CPU
		{73C301CE-6CF6-4938-8E47-50914BF6CC41}.Release|x86.Build.0 = Release|Any CPU
	EndGlobalSection
	GlobalSection(SolutionProperties) = preSolution
		HideSolutionNode = FALSE
	EndGlobalSection
	GlobalSection(ExtensibilityGlobals) = postSolution
		SolutionGuid = {AFD26C70-51CB-4C7F-AB45-EC37DD2B79B0}
	EndGlobalSection
EndGlobal
