
Microsoft Visual Studio Solution File, Format Version 12.00
# Visual Studio Version 17
VisualStudioVersion = 17.11.35327.3
MinimumVisualStudioVersion = 10.0.40219.1
Project("{FAE04EC0-301F-11D3-BF4B-00C04F79EFBC}") = "NewHomePage", "NewHomePage\NewHomePage.csproj", "{12135C0E-E52A-4019-9311-91055DFEE097}"
EndProject
Global
	GlobalSection(SolutionConfigurationPlatforms) = preSolution
		Debug|ARM64 = Debug|ARM64
		Debug|x64 = Debug|x64
		Debug|x86 = Debug|x86
		Release|ARM64 = Release|ARM64
		Release|x64 = Release|x64
		Release|x86 = Release|x86
	EndGlobalSection
	GlobalSection(ProjectConfigurationPlatforms) = postSolution
		{12135C0E-E52A-4019-9311-91055DFEE097}.Debug|ARM64.ActiveCfg = Debug|ARM64
		{12135C0E-E52A-4019-9311-91055DFEE097}.Debug|ARM64.Build.0 = Debug|ARM64
		{12135C0E-E52A-4019-9311-91055DFEE097}.Debug|ARM64.Deploy.0 = Debug|ARM64
		{12135C0E-E52A-4019-9311-91055DFEE097}.Debug|x64.ActiveCfg = Debug|x64
		{12135C0E-E52A-4019-9311-91055DFEE097}.Debug|x64.Build.0 = Debug|x64
		{12135C0E-E52A-4019-9311-91055DFEE097}.Debug|x64.Deploy.0 = Debug|x64
		{12135C0E-E52A-4019-9311-91055DFEE097}.Debug|x86.ActiveCfg = Debug|x86
		{12135C0E-E52A-4019-9311-91055DFEE097}.Debug|x86.Build.0 = Debug|x86
		{12135C0E-E52A-4019-9311-91055DFEE097}.Debug|x86.Deploy.0 = Debug|x86
		{12135C0E-E52A-4019-9311-91055DFEE097}.Release|ARM64.ActiveCfg = Release|ARM64
		{12135C0E-E52A-4019-9311-91055DFEE097}.Release|ARM64.Build.0 = Release|ARM64
		{12135C0E-E52A-4019-9311-91055DFEE097}.Release|ARM64.Deploy.0 = Release|ARM64
		{12135C0E-E52A-4019-9311-91055DFEE097}.Release|x64.ActiveCfg = Release|x64
		{12135C0E-E52A-4019-9311-91055DFEE097}.Release|x64.Build.0 = Release|x64
		{12135C0E-E52A-4019-9311-91055DFEE097}.Release|x64.Deploy.0 = Release|x64
		{12135C0E-E52A-4019-9311-91055DFEE097}.Release|x86.ActiveCfg = Release|x86
		{12135C0E-E52A-4019-9311-91055DFEE097}.Release|x86.Build.0 = Release|x86
		{12135C0E-E52A-4019-9311-91055DFEE097}.Release|x86.Deploy.0 = Release|x86
	EndGlobalSection
	GlobalSection(SolutionProperties) = preSolution
		HideSolutionNode = FALSE
	EndGlobalSection
	GlobalSection(ExtensibilityGlobals) = postSolution
		SolutionGuid = {308E5876-D691-42E2-BEB9-E727AE6491B6}
	EndGlobalSection
EndGlobal
